
Microsoft Visual Studio Solution File, Format Version 12.00
# Visual Studio 15
VisualStudioVersion = 15.0.27729.1
MinimumVisualStudioVersion = 10.0.40219.1
Project("{FAE04EC0-301F-11D3-BF4B-00C04F79EFBC}") = "DotNetCoreDemo.WebApi", "DotNetCoreDemo.WebApi\DotNetCoreDemo.WebApi.csproj", "{4947D5D4-55F2-4133-A28A-E106CCA40C50}"
EndProject
Global
	GlobalSection(SolutionConfigurationPlatforms) = preSolution
		Debug|Any CPU = Debug|Any CPU
		Release|Any CPU = Release|Any CPU
	EndGlobalSection
	GlobalSection(ProjectConfigurationPlatforms) = postSolution
		{4947D5D4-55F2-4133-A28A-E106CCA40C50}.Debug|Any CPU.ActiveCfg = Debug|Any CPU
		{4947D5D4-55F2-4133-A28A-E106CCA40C50}.Debug|Any CPU.Build.0 = Debug|Any CPU
		{4947D5D4-55F2-4133-A28A-E106CCA40C50}.Release|Any CPU.ActiveCfg = Release|Any CPU
		{4947D5D4-55F2-4133-A28A-E106CCA40C50}.Release|Any CPU.Build.0 = Release|Any CPU
	EndGlobalSection
	GlobalSection(SolutionProperties) = preSolution
		HideSolutionNode = FALSE
	EndGlobalSection
	GlobalSection(ExtensibilityGlobals) = postSolution
		SolutionGuid = {AC248FBE-56E0-4EAA-82EB-27817C59D736}
	EndGlobalSection
EndGlobal
