
Microsoft Visual Studio Solution File, Format Version 12.00
# Visual Studio 15
VisualStudioVersion = 15.0.26906.1
MinimumVisualStudioVersion = 10.0.40219.1
Project("{FAE04EC0-301F-11D3-BF4B-00C04F79EFBC}") = "DotNetFxMiniSample", "DotNetFxMiniSample.csproj", "{616D04D5-E0FB-4861-9C8E-60C95C4E63C1}"
EndProject
Global
	GlobalSection(SolutionConfigurationPlatforms) = preSolution
		Debug|Any CPU = Debug|Any CPU
		Release|Any CPU = Release|Any CPU
	EndGlobalSection
	GlobalSection(ProjectConfigurationPlatforms) = postSolution
		{616D04D5-E0FB-4861-9C8E-60C95C4E63C1}.Debug|Any CPU.ActiveCfg = Debug|Any CPU
		{616D04D5-E0FB-4861-9C8E-60C95C4E63C1}.Debug|Any CPU.Build.0 = Debug|Any CPU
		{616D04D5-E0FB-4861-9C8E-60C95C4E63C1}.Release|Any CPU.ActiveCfg = Release|Any CPU
		{616D04D5-E0FB-4861-9C8E-60C95C4E63C1}.Release|Any CPU.Build.0 = Release|Any CPU
	EndGlobalSection
	GlobalSection(SolutionProperties) = preSolution
		HideSolutionNode = FALSE
	EndGlobalSection
	GlobalSection(ExtensibilityGlobals) = postSolution
		SolutionGuid = {98A0D970-2318-408D-AC5E-C2124FD4C164}
	EndGlobalSection
EndGlobal
